
Microsoft Visual Studio Solution File, Format Version 12.00
# Visual Studio Version 17
VisualStudioVersion = 17.9.34701.34
MinimumVisualStudioVersion = 10.0.40219.1
Project("{FAE04EC0-301F-11D3-BF4B-00C04F79EFBC}") = "Home Task", "Home Task\Home Task.csproj", "{7371C972-9C38-4707-A862-52A142D7B0B8}"
EndProject
Global
	GlobalSection(SolutionConfigurationPlatforms) = preSolution
		Debug|Any CPU = Debug|Any CPU
		Release|Any CPU = Release|Any CPU
	EndGlobalSection
	GlobalSection(ProjectConfigurationPlatforms) = postSolution
		{7371C972-9C38-4707-A862-52A142D7B0B8}.Debug|Any CPU.ActiveCfg = Debug|Any CPU
		{7371C972-9C38-4707-A862-52A142D7B0B8}.Debug|Any CPU.Build.0 = Debug|Any CPU
		{7371C972-9C38-4707-A862-52A142D7B0B8}.Release|Any CPU.ActiveCfg = Release|Any CPU
		{7371C972-9C38-4707-A862-52A142D7B0B8}.Release|Any CPU.Build.0 = Release|Any CPU
	EndGlobalSection
	GlobalSection(SolutionProperties) = preSolution
		HideSolutionNode = FALSE
	EndGlobalSection
	GlobalSection(ExtensibilityGlobals) = postSolution
		SolutionGuid = {A726772D-489C-4390-8F6D-3C59749821BD}
	EndGlobalSection
EndGlobal
